// !$*UTF8*$!
{
	archiveVersion = 1;
	classes = {
	};
	objectVersion = 46;
	objects = {

/* Begin PBXBuildFile section */
		3119A4F5CBED178F4F59E99B /* libPods.a in Frameworks */ = {isa = PBXBuildFile; fileRef = 64438DFB5A0E7C89E2A68A67 /* libPods.a */; };
		6E433C851C4FB5F1006FB0EE /* WXController.m in Sources */ = {isa = PBXBuildFile; fileRef = 6E433C841C4FB5F1006FB0EE /* WXController.m */; settings = {ASSET_TAGS = (); }; };
		6E433C891C4FB8A1006FB0EE /* Images in Resources */ = {isa = PBXBuildFile; fileRef = 6E433C881C4FB8A1006FB0EE /* Images */; settings = {ASSET_TAGS = (); }; };
		6E9680AD1C4D13A500508EEC /* main.m in Sources */ = {isa = PBXBuildFile; fileRef = 6E9680AC1C4D13A500508EEC /* main.m */; };
		6E9680B01C4D13A500508EEC /* AppDelegate.m in Sources */ = {isa = PBXBuildFile; fileRef = 6E9680AF1C4D13A500508EEC /* AppDelegate.m */; };
		6E9680B61C4D13A500508EEC /* Main.storyboard in Resources */ = {isa = PBXBuildFile; fileRef = 6E9680B41C4D13A500508EEC /* Main.storyboard */; };
		6E9680B91C4D13A500508EEC /* SimpleWeather.xcdatamodeld in Sources */ = {isa = PBXBuildFile; fileRef = 6E9680B71C4D13A500508EEC /* SimpleWeather.xcdatamodeld */; };
		6E9680BB1C4D13A500508EEC /* Assets.xcassets in Resources */ = {isa = PBXBuildFile; fileRef = 6E9680BA1C4D13A500508EEC /* Assets.xcassets */; };
		6E9680BE1C4D13A500508EEC /* LaunchScreen.storyboard in Resources */ = {isa = PBXBuildFile; fileRef = 6E9680BC1C4D13A500508EEC /* LaunchScreen.storyboard */; };
		6E9680C91C4D13A500508EEC /* SimpleWeatherTests.m in Sources */ = {isa = PBXBuildFile; fileRef = 6E9680C81C4D13A500508EEC /* SimpleWeatherTests.m */; };
		6E9680D41C4D13A500508EEC /* SimpleWeatherUITests.m in Sources */ = {isa = PBXBuildFile; fileRef = 6E9680D31C4D13A500508EEC /* SimpleWeatherUITests.m */; };
/* End PBXBuildFile section */

/* Begin PBXContainerItemProxy section */
		6E9680C51C4D13A500508EEC /* PBXContainerItemProxy */ = {
			isa = PBXContainerItemProxy;
			containerPortal = 6E9680A01C4D13A400508EEC /* Project object */;
			proxyType = 1;
			remoteGlobalIDString = 6E9680A71C4D13A400508EEC;
			remoteInfo = SimpleWeather;
		};
		6E9680D01C4D13A500508EEC /* PBXContainerItemProxy */ = {
			isa = PBXContainerItemProxy;
			containerPortal = 6E9680A01C4D13A400508EEC /* Project object */;
			proxyType = 1;
			remoteGlobalIDString = 6E9680A71C4D13A400508EEC;
			remoteInfo = SimpleWeather;
		};
/* End PBXContainerItemProxy section */

/* Begin PBXFileReference section */
		0B898E1A1901059A7D80800F /* Pods.release.xcconfig */ = {isa = PBXFileReference; includeInIndex = 1; lastKnownFileType = text.xcconfig; name = Pods.release.xcconfig; path = "Pods/Target Support Files/Pods/Pods.release.xcconfig"; sourceTree = "<group>"; };
		64438DFB5A0E7C89E2A68A67 /* libPods.a */ = {isa = PBXFileReference; explicitFileType = archive.ar; includeInIndex = 0; path = libPods.a; sourceTree = BUILT_PRODUCTS_DIR; };
		6E433C831C4FB5F1006FB0EE /* WXController.h */ = {isa = PBXFileReference; fileEncoding = 4; lastKnownFileType = sourcecode.c.h; path = WXController.h; sourceTree = "<group>"; };
		6E433C841C4FB5F1006FB0EE /* WXController.m */ = {isa = PBXFileReference; fileEncoding = 4; lastKnownFileType = sourcecode.c.objc; path = WXController.m; sourceTree = "<group>"; };
		6E433C881C4FB8A1006FB0EE /* Images */ = {isa = PBXFileReference; lastKnownFileType = folder; path = Images; sourceTree = "<group>"; };
		6E9680A81C4D13A500508EEC /* SimpleWeather.app */ = {isa = PBXFileReference; explicitFileType = wrapper.application; includeInIndex = 0; path = SimpleWeather.app; sourceTree = BUILT_PRODUCTS_DIR; };
		6E9680AC1C4D13A500508EEC /* main.m */ = {isa = PBXFileReference; lastKnownFileType = sourcecode.c.objc; path = main.m; sourceTree = "<group>"; };
		6E9680AE1C4D13A500508EEC /* AppDelegate.h */ = {isa = PBXFileReference; lastKnownFileType = sourcecode.c.h; path = AppDelegate.h; sourceTree = "<group>"; };
		6E9680AF1C4D13A500508EEC /* AppDelegate.m */ = {isa = PBXFileReference; lastKnownFileType = sourcecode.c.objc; path = AppDelegate.m; sourceTree = "<group>"; };
		6E9680B51C4D13A500508EEC /* Base */ = {isa = PBXFileReference; lastKnownFileType = file.storyboard; name = Base; path = Base.lproj/Main.storyboard; sourceTree = "<group>"; };
		6E9680B81C4D13A500508EEC /* SimpleWeather.xcdatamodel */ = {isa = PBXFileReference; lastKnownFileType = wrapper.xcdatamodel; path = SimpleWeather.xcdatamodel; sourceTree = "<group>"; };
		6E9680BA1C4D13A500508EEC /* Assets.xcassets */ = {isa = PBXFileReference; lastKnownFileType = folder.assetcatalog; path = Assets.xcassets; sourceTree = "<group>"; };
		6E9680BD1C4D13A500508EEC /* Base */ = {isa = PBXFileReference; lastKnownFileType = file.storyboard; name = Base; path = Base.lproj/LaunchScreen.storyboard; sourceTree = "<group>"; };
		6E9680BF1C4D13A500508EEC /* Info.plist */ = {isa = PBXFileReference; lastKnownFileType = text.plist.xml; path = Info.plist; sourceTree = "<group>"; };
		6E9680C41C4D13A500508EEC /* SimpleWeatherTests.xctest */ = {isa = PBXFileReference; explicitFileType = wrapper.cfbundle; includeInIndex = 0; path = SimpleWeatherTests.xctest; sourceTree = BUILT_PRODUCTS_DIR; };
		6E9680C81C4D13A500508EEC /* SimpleWeatherTests.m */ = {isa = PBXFileReference; lastKnownFileType = sourcecode.c.objc; path = SimpleWeatherTests.m; sourceTree = "<group>"; };
		6E9680CA1C4D13A500508EEC /* Info.plist */ = {isa = PBXFileReference; lastKnownFileType = text.plist.xml; path = Info.plist; sourceTree = "<group>"; };
		6E9680CF1C4D13A500508EEC /* SimpleWeatherUITests.xctest */ = {isa = PBXFileReference; explicitFileType = wrapper.cfbundle; includeInIndex = 0; path = SimpleWeatherUITests.xctest; sourceTree = BUILT_PRODUCTS_DIR; };
		6E9680D31C4D13A500508EEC /* SimpleWeatherUITests.m */ = {isa = PBXFileReference; lastKnownFileType = sourcecode.c.objc; path = SimpleWeatherUITests.m; sourceTree = "<group>"; };
		6E9680D51C4D13A500508EEC /* Info.plist */ = {isa = PBXFileReference; lastKnownFileType = text.plist.xml; path = Info.plist; sourceTree = "<group>"; };
		F9E8389D960BD1048C7D0984 /* Pods.debug.xcconfig */ = {isa = PBXFileReference; includeInIndex = 1; lastKnownFileType = text.xcconfig; name = Pods.debug.xcconfig; path = "Pods/Target Support Files/Pods/Pods.debug.xcconfig"; sourceTree = "<group>"; };
/* End PBXFileReference section */

/* Begin PBXFrameworksBuildPhase section */
		6E9680A51C4D13A400508EEC /* Frameworks */ = {
			isa = PBXFrameworksBuildPhase;
			buildActionMask = 2147483647;
			files = (
				3119A4F5CBED178F4F59E99B /* libPods.a in Frameworks */,
			);
			runOnlyForDeploymentPostprocessing = 0;
		};
		6E9680C11C4D13A500508EEC /* Frameworks */ = {
			isa = PBXFrameworksBuildPhase;
			buildActionMask = 2147483647;
			files = (
			);
			runOnlyForDeploymentPostprocessing = 0;
		};
		6E9680CC1C4D13A500508EEC /* Frameworks */ = {
			isa = PBXFrameworksBuildPhase;
			buildActionMask = 2147483647;
			files = (
			);
			runOnlyForDeploymentPostprocessing = 0;
		};
/* End PBXFrameworksBuildPhase section */

/* Begin PBXGroup section */
		2FD7986927E8B62843C107AB /* Frameworks */ = {
			isa = PBXGroup;
			children = (
				64438DFB5A0E7C89E2A68A67 /* libPods.a */,
			);
			name = Frameworks;
			sourceTree = "<group>";
		};
		6E96809F1C4D13A400508EEC = {
			isa = PBXGroup;
			children = (
				6E433C881C4FB8A1006FB0EE /* Images */,
				6E9680AA1C4D13A500508EEC /* SimpleWeather */,
				6E9680C71C4D13A500508EEC /* SimpleWeatherTests */,
				6E9680D21C4D13A500508EEC /* SimpleWeatherUITests */,
				6E9680A91C4D13A500508EEC /* Products */,
				E8387686659EE20A6044225B /* Pods */,
				2FD7986927E8B62843C107AB /* Frameworks */,
			);
			sourceTree = "<group>";
		};
		6E9680A91C4D13A500508EEC /* Products */ = {
			isa = PBXGroup;
			children = (
				6E9680A81C4D13A500508EEC /* SimpleWeather.app */,
				6E9680C41C4D13A500508EEC /* SimpleWeatherTests.xctest */,
				6E9680CF1C4D13A500508EEC /* SimpleWeatherUITests.xctest */,
			);
			name = Products;
			sourceTree = "<group>";
		};
		6E9680AA1C4D13A500508EEC /* SimpleWeather */ = {
			isa = PBXGroup;
			children = (
				6E9680AE1C4D13A500508EEC /* AppDelegate.h */,
				6E9680AF1C4D13A500508EEC /* AppDelegate.m */,
				6E9680B41C4D13A500508EEC /* Main.storyboard */,
				6E9680BA1C4D13A500508EEC /* Assets.xcassets */,
				6E9680BC1C4D13A500508EEC /* LaunchScreen.storyboard */,
				6E9680BF1C4D13A500508EEC /* Info.plist */,
				6E9680B71C4D13A500508EEC /* SimpleWeather.xcdatamodeld */,
				6E9680AB1C4D13A500508EEC /* Supporting Files */,
				6E433C831C4FB5F1006FB0EE /* WXController.h */,
				6E433C841C4FB5F1006FB0EE /* WXController.m */,
			);
			path = SimpleWeather;
			sourceTree = "<group>";
		};
		6E9680AB1C4D13A500508EEC /* Supporting Files */ = {
			isa = PBXGroup;
			children = (
				6E9680AC1C4D13A500508EEC /* main.m */,
			);
			name = "Supporting Files";
			sourceTree = "<group>";
		};
		6E9680C71C4D13A500508EEC /* SimpleWeatherTests */ = {
			isa = PBXGroup;
			children = (
				6E9680C81C4D13A500508EEC /* SimpleWeatherTests.m */,
				6E9680CA1C4D13A500508EEC /* Info.plist */,
			);
			path = SimpleWeatherTests;
			sourceTree = "<group>";
		};
		6E9680D21C4D13A500508EEC /* SimpleWeatherUITests */ = {
			isa = PBXGroup;
			children = (
				6E9680D31C4D13A500508EEC /* SimpleWeatherUITests.m */,
				6E9680D51C4D13A500508EEC /* Info.plist */,
			);
			path = SimpleWeatherUITests;
			sourceTree = "<group>";
		};
		E8387686659EE20A6044225B /* Pods */ = {
			isa = PBXGroup;
			children = (
				F9E8389D960BD1048C7D0984 /* Pods.debug.xcconfig */,
				0B898E1A1901059A7D80800F /* Pods.release.xcconfig */,
			);
			name = Pods;
			sourceTree = "<group>";
		};
/* End PBXGroup section */

/* Begin PBXNativeTarget section */
		6E9680A71C4D13A400508EEC /* SimpleWeather */ = {
			isa = PBXNativeTarget;
			buildConfigurationList = 6E9680D81C4D13A500508EEC /* Build configuration list for PBXNativeTarget "SimpleWeather" */;
			buildPhases = (
				A37596688B2D4351057FC201 /* Check Pods Manifest.lock */,
				6E9680A41C4D13A400508EEC /* Sources */,
				6E9680A51C4D13A400508EEC /* Frameworks */,
				6E9680A61C4D13A400508EEC /* Resources */,
				0A8E8D7328B5B0648A7466D5 /* Copy Pods Resources */,
			);
			buildRules = (
			);
			dependencies = (
			);
			name = SimpleWeather;
			productName = SimpleWeather;
			productReference = 6E9680A81C4D13A500508EEC /* SimpleWeather.app */;
			productType = "com.apple.product-type.application";
		};
		6E9680C31C4D13A500508EEC /* SimpleWeatherTests */ = {
			isa = PBXNativeTarget;
			buildConfigurationList = 6E9680DB1C4D13A500508EEC /* Build configuration list for PBXNativeTarget "SimpleWeatherTests" */;
			buildPhases = (
				6E9680C01C4D13A500508EEC /* Sources */,
				6E9680C11C4D13A500508EEC /* Frameworks */,
				6E9680C21C4D13A500508EEC /* Resources */,
			);
			buildRules = (
			);
			dependencies = (
				6E9680C61C4D13A500508EEC /* PBXTargetDependency */,
			);
			name = SimpleWeatherTests;
			productName = SimpleWeatherTests;
			productReference = 6E9680C41C4D13A500508EEC /* SimpleWeatherTests.xctest */;
			productType = "com.apple.product-type.bundle.unit-test";
		};
		6E9680CE1C4D13A500508EEC /* SimpleWeatherUITests */ = {
			isa = PBXNativeTarget;
			buildConfigurationList = 6E9680DE1C4D13A500508EEC /* Build configuration list for PBXNativeTarget "SimpleWeatherUITests" */;
			buildPhases = (
				6E9680CB1C4D13A500508EEC /* Sources */,
				6E9680CC1C4D13A500508EEC /* Frameworks */,
				6E9680CD1C4D13A500508EEC /* Resources */,
			);
			buildRules = (
			);
			dependencies = (
				6E9680D11C4D13A500508EEC /* PBXTargetDependency */,
			);
			name = SimpleWeatherUITests;
			productName = SimpleWeatherUITests;
			productReference = 6E9680CF1C4D13A500508EEC /* SimpleWeatherUITests.xctest */;
			productType = "com.apple.product-type.bundle.ui-testing";
		};
/* End PBXNativeTarget section */

/* Begin PBXProject section */
		6E9680A01C4D13A400508EEC /* Project object */ = {
			isa = PBXProject;
			attributes = {
				LastUpgradeCheck = 0700;
				ORGANIZATIONNAME = "Ludovic FRANCESCHINI";
				TargetAttributes = {
					6E9680A71C4D13A400508EEC = {
						CreatedOnToolsVersion = 7.0.1;
					};
					6E9680C31C4D13A500508EEC = {
						CreatedOnToolsVersion = 7.0.1;
						TestTargetID = 6E9680A71C4D13A400508EEC;
					};
					6E9680CE1C4D13A500508EEC = {
						CreatedOnToolsVersion = 7.0.1;
						TestTargetID = 6E9680A71C4D13A400508EEC;
					};
				};
			};
			buildConfigurationList = 6E9680A31C4D13A400508EEC /* Build configuration list for PBXProject "SimpleWeather" */;
			compatibilityVersion = "Xcode 3.2";
			developmentRegion = English;
			hasScannedForEncodings = 0;
			knownRegions = (
				en,
				Base,
			);
			mainGroup = 6E96809F1C4D13A400508EEC;
			productRefGroup = 6E9680A91C4D13A500508EEC /* Products */;
			projectDirPath = "";
			projectRoot = "";
			targets = (
				6E9680A71C4D13A400508EEC /* SimpleWeather */,
				6E9680C31C4D13A500508EEC /* SimpleWeatherTests */,
				6E9680CE1C4D13A500508EEC /* SimpleWeatherUITests */,
			);
		};
/* End PBXProject section */

/* Begin PBXResourcesBuildPhase section */
		6E9680A61C4D13A400508EEC /* Resources */ = {
			isa = PBXResourcesBuildPhase;
			buildActionMask = 2147483647;
			files = (
				6E433C891C4FB8A1006FB0EE /* Images in Resources */,
				6E9680BE1C4D13A500508EEC /* LaunchScreen.storyboard in Resources */,
				6E9680BB1C4D13A500508EEC /* Assets.xcassets in Resources */,
				6E9680B61C4D13A500508EEC /* Main.storyboard in Resources */,
			);
			runOnlyForDeploymentPostprocessing = 0;
		};
		6E9680C21C4D13A500508EEC /* Resources */ = {
			isa = PBXResourcesBuildPhase;
			buildActionMask = 2147483647;
			files = (
			);
			runOnlyForDeploymentPostprocessing = 0;
		};
		6E9680CD1C4D13A500508EEC /* Resources */ = {
			isa = PBXResourcesBuildPhase;
			buildActionMask = 2147483647;
			files = (
			);
			runOnlyForDeploymentPostprocessing = 0;
		};
/* End PBXResourcesBuildPhase section */

/* Begin PBXShellScriptBuildPhase section */
		0A8E8D7328B5B0648A7466D5 /* Copy Pods Resources */ = {
			isa = PBXShellScriptBuildPhase;
			buildActionMask = 2147483647;
			files = (
			);
			inputPaths = (
			);
			name = "Copy Pods Resources";
			outputPaths = (
			);
			runOnlyForDeploymentPostprocessing = 0;
			shellPath = /bin/sh;
			shellScript = "\"${SRCROOT}/Pods/Target Support Files/Pods/Pods-resources.sh\"\n";
			showEnvVarsInLog = 0;
		};
		A37596688B2D4351057FC201 /* Check Pods Manifest.lock */ = {
			isa = PBXShellScriptBuildPhase;
			buildActionMask = 2147483647;
			files = (
			);
			inputPaths = (
			);
			name = "Check Pods Manifest.lock";
			outputPaths = (
			);
			runOnlyForDeploymentPostprocessing = 0;
			shellPath = /bin/sh;
			shellScript = "diff \"${PODS_ROOT}/../Podfile.lock\" \"${PODS_ROOT}/Manifest.lock\" > /dev/null\nif [[ $? != 0 ]] ; then\n    cat << EOM\nerror: The sandbox is not in sync with the Podfile.lock. Run 'pod install' or update your CocoaPods installation.\nEOM\n    exit 1\nfi\n";
			showEnvVarsInLog = 0;
		};
/* End PBXShellScriptBuildPhase section */

/* Begin PBXSourcesBuildPhase section */
		6E9680A41C4D13A400508EEC /* Sources */ = {
			isa = PBXSourcesBuildPhase;
			buildActionMask = 2147483647;
			files = (
				6E433C851C4FB5F1006FB0EE /* WXController.m in Sources */,
				6E9680B91C4D13A500508EEC /* SimpleWeather.xcdatamodeld in Sources */,
				6E9680B01C4D13A500508EEC /* AppDelegate.m in Sources */,
				6E9680AD1C4D13A500508EEC /* main.m in Sources */,
			);
			runOnlyForDeploymentPostprocessing = 0;
		};
		6E9680C01C4D13A500508EEC /* Sources */ = {
			isa = PBXSourcesBuildPhase;
			buildActionMask = 2147483647;
			files = (
				6E9680C91C4D13A500508EEC /* SimpleWeatherTests.m in Sources */,
			);
			runOnlyForDeploymentPostprocessing = 0;
		};
		6E9680CB1C4D13A500508EEC /* Sources */ = {
			isa = PBXSourcesBuildPhase;
			buildActionMask = 2147483647;
			files = (
				6E9680D41C4D13A500508EEC /* SimpleWeatherUITests.m in Sources */,
			);
			runOnlyForDeploymentPostprocessing = 0;
		};
/* End PBXSourcesBuildPhase section */

/* Begin PBXTargetDependency section */
		6E9680C61C4D13A500508EEC /* PBXTargetDependency */ = {
			isa = PBXTargetDependency;
			target = 6E9680A71C4D13A400508EEC /* SimpleWeather */;
			targetProxy = 6E9680C51C4D13A500508EEC /* PBXContainerItemProxy */;
		};
		6E9680D11C4D13A500508EEC /* PBXTargetDependency */ = {
			isa = PBXTargetDependency;
			target = 6E9680A71C4D13A400508EEC /* SimpleWeather */;
			targetProxy = 6E9680D01C4D13A500508EEC /* PBXContainerItemProxy */;
		};
/* End PBXTargetDependency section */

/* Begin PBXVariantGroup section */
		6E9680B41C4D13A500508EEC /* Main.storyboard */ = {
			isa = PBXVariantGroup;
			children = (
				6E9680B51C4D13A500508EEC /* Base */,
			);
			name = Main.storyboard;
			sourceTree = "<group>";
		};
		6E9680BC1C4D13A500508EEC /* LaunchScreen.storyboard */ = {
			isa = PBXVariantGroup;
			children = (
				6E9680BD1C4D13A500508EEC /* Base */,
			);
			name = LaunchScreen.storyboard;
			sourceTree = "<group>";
		};
/* End PBXVariantGroup section */

/* Begin XCBuildConfiguration section */
		6E9680D61C4D13A500508EEC /* Debug */ = {
			isa = XCBuildConfiguration;
			buildSettings = {
				ALWAYS_SEARCH_USER_PATHS = NO;
				CLANG_CXX_LANGUAGE_STANDARD = "gnu++0x";
				CLANG_CXX_LIBRARY = "libc++";
				CLANG_ENABLE_MODULES = YES;
				CLANG_ENABLE_OBJC_ARC = YES;
				CLANG_WARN_BOOL_CONVERSION = YES;
				CLANG_WARN_CONSTANT_CONVERSION = YES;
				CLANG_WARN_DIRECT_OBJC_ISA_USAGE = YES_ERROR;
				CLANG_WARN_EMPTY_BODY = YES;
				CLANG_WARN_ENUM_CONVERSION = YES;
				CLANG_WARN_INT_CONVERSION = YES;
				CLANG_WARN_OBJC_ROOT_CLASS = YES_ERROR;
				CLANG_WARN_UNREACHABLE_CODE = YES;
				CLANG_WARN__DUPLICATE_METHOD_MATCH = YES;
				"CODE_SIGN_IDENTITY[sdk=iphoneos*]" = "iPhone Developer";
				COPY_PHASE_STRIP = NO;
				DEBUG_INFORMATION_FORMAT = dwarf;
				ENABLE_STRICT_OBJC_MSGSEND = YES;
				ENABLE_TESTABILITY = YES;
				GCC_C_LANGUAGE_STANDARD = gnu99;
				GCC_DYNAMIC_NO_PIC = NO;
				GCC_NO_COMMON_BLOCKS = YES;
				GCC_OPTIMIZATION_LEVEL = 0;
				GCC_PREPROCESSOR_DEFINITIONS = (
					"DEBUG=1",
					"$(inherited)",
				);
				GCC_WARN_64_TO_32_BIT_CONVERSION = YES;
				GCC_WARN_ABOUT_RETURN_TYPE = YES_ERROR;
				GCC_WARN_UNDECLARED_SELECTOR = YES;
				GCC_WARN_UNINITIALIZED_AUTOS = YES_AGGRESSIVE;
				GCC_WARN_UNUSED_FUNCTION = YES;
				GCC_WARN_UNUSED_VARIABLE = YES;
				IPHONEOS_DEPLOYMENT_TARGET = 9.0;
				MTL_ENABLE_DEBUG_INFO = YES;
				ONLY_ACTIVE_ARCH = YES;
				SDKROOT = iphoneos;
				TARGETED_DEVICE_FAMILY = "1,2";
			};
			name = Debug;
		};
		6E9680D71C4D13A500508EEC /* Release */ = {
			isa = XCBuildConfiguration;
			buildSettings = {
				ALWAYS_SEARCH_USER_PATHS = NO;
				CLANG_CXX_LANGUAGE_STANDARD = "gnu++0x";
				CLANG_CXX_LIBRARY = "libc++";
				CLANG_ENABLE_MODULES = YES;
				CLANG_ENABLE_OBJC_ARC = YES;
				CLANG_WARN_BOOL_CONVERSION = YES;
				CLANG_WARN_CONSTANT_CONVERSION = YES;
				CLANG_WARN_DIRECT_OBJC_ISA_USAGE = YES_ERROR;
				CLANG_WARN_EMPTY_BODY = YES;
				CLANG_WARN_ENUM_CONVERSION = YES;
				CLANG_WARN_INT_CONVERSION = YES;
				CLANG_WARN_OBJC_ROOT_CLASS = YES_ERROR;
				CLANG_WARN_UNREACHABLE_CODE = YES;
				CLANG_WARN__DUPLICATE_METHOD_MATCH = YES;
				"CODE_SIGN_IDENTITY[sdk=iphoneos*]" = "iPhone Developer";
				COPY_PHASE_STRIP = NO;
				DEBUG_INFORMATION_FORMAT = "dwarf-with-dsym";
				ENABLE_NS_ASSERTIONS = NO;
				ENABLE_STRICT_OBJC_MSGSEND = YES;
				GCC_C_LANGUAGE_STANDARD = gnu99;
				GCC_NO_COMMON_BLOCKS = YES;
				GCC_WARN_64_TO_32_BIT_CONVERSION = YES;
				GCC_WARN_ABOUT_RETURN_TYPE = YES_ERROR;
				GCC_WARN_UNDECLARED_SELECTOR = YES;
				GCC_WARN_UNINITIALIZED_AUTOS = YES_AGGRESSIVE;
				GCC_WARN_UNUSED_FUNCTION = YES;
				GCC_WARN_UNUSED_VARIABLE = YES;
				IPHONEOS_DEPLOYMENT_TARGET = 9.0;
				MTL_ENABLE_DEBUG_INFO = NO;
				SDKROOT = iphoneos;
				TARGETED_DEVICE_FAMILY = "1,2";
				VALIDATE_PRODUCT = YES;
			};
			name = Release;
		};
		6E9680D91C4D13A500508EEC /* Debug */ = {
			isa = XCBuildConfiguration;
			baseConfigurationReference = F9E8389D960BD1048C7D0984 /* Pods.debug.xcconfig */;
			buildSettings = {
				ASSETCATALOG_COMPILER_APPICON_NAME = AppIcon;
				INFOPLIST_FILE = SimpleWeather/Info.plist;
				LD_RUNPATH_SEARCH_PATHS = "$(inherited) @executable_path/Frameworks";
				PRODUCT_BUNDLE_IDENTIFIER = com.aecf.SimpleWeather;
				PRODUCT_NAME = "$(TARGET_NAME)";
			};
			name = Debug;
		};
		6E9680DA1C4D13A500508EEC /* Release */ = {
			isa = XCBuildConfiguration;
			baseConfigurationReference = 0B898E1A1901059A7D80800F /* Pods.release.xcconfig */;
			buildSettings = {
				ASSETCATALOG_COMPILER_APPICON_NAME = AppIcon;
				INFOPLIST_FILE = SimpleWeather/Info.plist;
				LD_RUNPATH_SEARCH_PATHS = "$(inherited) @executable_path/Frameworks";
				PRODUCT_BUNDLE_IDENTIFIER = com.aecf.SimpleWeather;
				PRODUCT_NAME = "$(TARGET_NAME)";
			};
			name = Release;
		};
		6E9680DC1C4D13A500508EEC /* Debug */ = {
			isa = XCBuildConfiguration;
			buildSettings = {
				BUNDLE_LOADER = "$(TEST_HOST)";
				INFOPLIST_FILE = SimpleWeatherTests/Info.plist;
				LD_RUNPATH_SEARCH_PATHS = "$(inherited) @executable_path/Frameworks @loader_path/Frameworks";
				PRODUCT_BUNDLE_IDENTIFIER = com.aecf.SimpleWeatherTests;
				PRODUCT_NAME = "$(TARGET_NAME)";
				TEST_HOST = "$(BUILT_PRODUCTS_DIR)/SimpleWeather.app/SimpleWeather";
			};
			name = Debug;
		};
		6E9680DD1C4D13A500508EEC /* Release */ = {
			isa = XCBuildConfiguration;
			buildSettings = {
				BUNDLE_LOADER = "$(TEST_HOST)";
				INFOPLIST_FILE = SimpleWeatherTests/Info.plist;
				LD_RUNPATH_SEARCH_PATHS = "$(inherited) @executable_path/Frameworks @loader_path/Frameworks";
				PRODUCT_BUNDLE_IDENTIFIER = com.aecf.SimpleWeatherTests;
				PRODUCT_NAME = "$(TARGET_NAME)";
				TEST_HOST = "$(BUILT_PRODUCTS_DIR)/SimpleWeather.app/SimpleWeather";
			};
			name = Release;
		};
		6E9680DF1C4D13A500508EEC /* Debug */ = {
			isa = XCBuildConfiguration;
			buildSettings = {
				INFOPLIST_FILE = SimpleWeatherUITests/Info.plist;
				LD_RUNPATH_SEARCH_PATHS = "$(inherited) @executable_path/Frameworks @loader_path/Frameworks";
				PRODUCT_BUNDLE_IDENTIFIER = com.aecf.SimpleWeatherUITests;
				PRODUCT_NAME = "$(TARGET_NAME)";
				TEST_TARGET_NAME = SimpleWeather;
				USES_XCTRUNNER = YES;
			};
			name = Debug;
		};
		6E9680E01C4D13A500508EEC /* Release */ = {
			isa = XCBuildConfiguration;
			buildSettings = {
				INFOPLIST_FILE = SimpleWeatherUITests/Info.plist;
				LD_RUNPATH_SEARCH_PATHS = "$(inherited) @executable_path/Frameworks @loader_path/Frameworks";
				PRODUCT_BUNDLE_IDENTIFIER = com.aecf.SimpleWeatherUITests;
				PRODUCT_NAME = "$(TARGET_NAME)";
				TEST_TARGET_NAME = SimpleWeather;
				USES_XCTRUNNER = YES;
			};
			name = Release;
		};
/* End XCBuildConfiguration section */

/* Begin XCConfigurationList section */
		6E9680A31C4D13A400508EEC /* Build configuration list for PBXProject "SimpleWeather" */ = {
			isa = XCConfigurationList;
			buildConfigurations = (
				6E9680D61C4D13A500508EEC /* Debug */,
				6E9680D71C4D13A500508EEC /* Release */,
			);
			defaultConfigurationIsVisible = 0;
			defaultConfigurationName = Release;
		};
		6E9680D81C4D13A500508EEC /* Build configuration list for PBXNativeTarget "SimpleWeather" */ = {
			isa = XCConfigurationList;
			buildConfigurations = (
				6E9680D91C4D13A500508EEC /* Debug */,
				6E9680DA1C4D13A500508EEC /* Release */,
			);
			defaultConfigurationIsVisible = 0;
			defaultConfigurationName = Release;
		};
		6E9680DB1C4D13A500508EEC /* Build configuration list for PBXNativeTarget "SimpleWeatherTests" */ = {
			isa = XCConfigurationList;
			buildConfigurations = (
				6E9680DC1C4D13A500508EEC /* Debug */,
				6E9680DD1C4D13A500508EEC /* Release */,
			);
			defaultConfigurationIsVisible = 0;
			defaultConfigurationName = Release;
		};
		6E9680DE1C4D13A500508EEC /* Build configuration list for PBXNativeTarget "SimpleWeatherUITests" */ = {
			isa = XCConfigurationList;
			buildConfigurations = (
				6E9680DF1C4D13A500508EEC /* Debug */,
				6E9680E01C4D13A500508EEC /* Release */,
			);
			defaultConfigurationIsVisible = 0;
			defaultConfigurationName = Release;
		};
/* End XCConfigurationList section */

/* Begin XCVersionGroup section */
		6E9680B71C4D13A500508EEC /* SimpleWeather.xcdatamodeld */ = {
			isa = XCVersionGroup;
			children = (
				6E9680B81C4D13A500508EEC /* SimpleWeather.xcdatamodel */,
			);
			currentVersion = 6E9680B81C4D13A500508EEC /* SimpleWeather.xcdatamodel */;
			path = SimpleWeather.xcdatamodeld;
			sourceTree = "<group>";
			versionGroupType = wrapper.xcdatamodel;
		};
/* End XCVersionGroup section */
	};
	rootObject = 6E9680A01C4D13A400508EEC /* Project object */;
}
